// !$*UTF8*$!
{
	archiveVersion = 1;
	classes = {
	};
	objectVersion = 46;
	objects = {

/* Begin PBXBuildFile section */
		2B5C25EB20FBECAB245A3EA0 /* Pods_TweetieTests.framework in Frameworks */ = {isa = PBXBuildFile; fileRef = D08215D4C3D6B835BC5385DD /* Pods_TweetieTests.framework */; };
		47B17CF821FDACE9B75FBF73 /* Pods_Tweetie.framework in Frameworks */ = {isa = PBXBuildFile; fileRef = AA3BA3BDCF166A62D3C259F8 /* Pods_Tweetie.framework */; };
		B3012AEF1D948BB6000672B3 /* Tweet.swift in Sources */ = {isa = PBXBuildFile; fileRef = B3012AEE1D948BB6000672B3 /* Tweet.swift */; };
		B3012AF21D948BFD000672B3 /* Tweeter.swift in Sources */ = {isa = PBXBuildFile; fileRef = B3012AF11D948BFD000672B3 /* Tweeter.swift */; };
		B3012AF41D94C74C000672B3 /* TweetCell.swift in Sources */ = {isa = PBXBuildFile; fileRef = B3012AF31D94C74C000672B3 /* TweetCell.swift */; };
		B3012AFC1D94D037000672B3 /* Assets.xcassets in Resources */ = {isa = PBXBuildFile; fileRef = B3012AFB1D94D037000672B3 /* Assets.xcassets */; };
		B3836CA01D945830007F252D /* RecentTweetsConfigurator.swift in Sources */ = {isa = PBXBuildFile; fileRef = B3836C991D945830007F252D /* RecentTweetsConfigurator.swift */; };
		B3836CA11D945830007F252D /* RecentTweetsInteractor.swift in Sources */ = {isa = PBXBuildFile; fileRef = B3836C9A1D945830007F252D /* RecentTweetsInteractor.swift */; };
		B3836CA21D945830007F252D /* RecentTweetsModels.swift in Sources */ = {isa = PBXBuildFile; fileRef = B3836C9B1D945830007F252D /* RecentTweetsModels.swift */; };
		B3836CA31D945830007F252D /* RecentTweetsPresenter.swift in Sources */ = {isa = PBXBuildFile; fileRef = B3836C9C1D945830007F252D /* RecentTweetsPresenter.swift */; };
		B3836CA51D945830007F252D /* RecentTweetsViewController.swift in Sources */ = {isa = PBXBuildFile; fileRef = B3836C9E1D945830007F252D /* RecentTweetsViewController.swift */; };
		B3836CAF1D945851007F252D /* ComposeTweetConfigurator.swift in Sources */ = {isa = PBXBuildFile; fileRef = B3836CA81D945851007F252D /* ComposeTweetConfigurator.swift */; };
		B3836CB01D945851007F252D /* ComposeTweetInteractor.swift in Sources */ = {isa = PBXBuildFile; fileRef = B3836CA91D945851007F252D /* ComposeTweetInteractor.swift */; };
		B3836CB11D945851007F252D /* ComposeTweetModels.swift in Sources */ = {isa = PBXBuildFile; fileRef = B3836CAA1D945851007F252D /* ComposeTweetModels.swift */; };
		B3836CB21D945851007F252D /* ComposeTweetPresenter.swift in Sources */ = {isa = PBXBuildFile; fileRef = B3836CAB1D945851007F252D /* ComposeTweetPresenter.swift */; };
		B3836CB41D945851007F252D /* ComposeTweetViewController.swift in Sources */ = {isa = PBXBuildFile; fileRef = B3836CAD1D945851007F252D /* ComposeTweetViewController.swift */; };
		B3863C231D971D26004CA9CF /* SignInUseCase.swift in Sources */ = {isa = PBXBuildFile; fileRef = B3863C221D971D26004CA9CF /* SignInUseCase.swift */; };
		B3863C251D971D2E004CA9CF /* SignOutUseCase.swift in Sources */ = {isa = PBXBuildFile; fileRef = B3863C241D971D2E004CA9CF /* SignOutUseCase.swift */; };
		B3863C271D971D43004CA9CF /* TweetsWorker.swift in Sources */ = {isa = PBXBuildFile; fileRef = B3863C261D971D43004CA9CF /* TweetsWorker.swift */; };
		B3863C321D97698E004CA9CF /* SignInConfigurator.swift in Sources */ = {isa = PBXBuildFile; fileRef = B3863C2B1D97698E004CA9CF /* SignInConfigurator.swift */; };
		B3863C331D97698E004CA9CF /* SignInInteractor.swift in Sources */ = {isa = PBXBuildFile; fileRef = B3863C2C1D97698E004CA9CF /* SignInInteractor.swift */; };
		B3863C341D97698E004CA9CF /* SignInModels.swift in Sources */ = {isa = PBXBuildFile; fileRef = B3863C2D1D97698E004CA9CF /* SignInModels.swift */; };
		B3863C351D97698E004CA9CF /* SignInPresenter.swift in Sources */ = {isa = PBXBuildFile; fileRef = B3863C2E1D97698E004CA9CF /* SignInPresenter.swift */; };
		B3863C371D97698E004CA9CF /* SignInViewController.swift in Sources */ = {isa = PBXBuildFile; fileRef = B3863C301D97698E004CA9CF /* SignInViewController.swift */; };
		B3863C3A1D9829DB004CA9CF /* TweetGateway.swift in Sources */ = {isa = PBXBuildFile; fileRef = B3863C391D9829DB004CA9CF /* TweetGateway.swift */; };
		B3863C3C1D982A03004CA9CF /* UserDefaultsTweetGateway.swift in Sources */ = {isa = PBXBuildFile; fileRef = B3863C3B1D982A03004CA9CF /* UserDefaultsTweetGateway.swift */; };
		B3863C3F1D9833D7004CA9CF /* tweetsRemote2.json in Resources */ = {isa = PBXBuildFile; fileRef = B3863C3E1D9833D7004CA9CF /* tweetsRemote2.json */; };
		B3863C421D987E77004CA9CF /* User.swift in Sources */ = {isa = PBXBuildFile; fileRef = B3863C411D987E77004CA9CF /* User.swift */; };
		B3863C461D98ADA0004CA9CF /* TweetGatewayTest.swift in Sources */ = {isa = PBXBuildFile; fileRef = B3863C451D98ADA0004CA9CF /* TweetGatewayTest.swift */; };
		B3863C481D98D7E3004CA9CF /* TweetieService.swift in Sources */ = {isa = PBXBuildFile; fileRef = B3863C471D98D7E3004CA9CF /* TweetieService.swift */; };
		B3863C4A1D98E8FD004CA9CF /* tweetsRemote.json in Resources */ = {isa = PBXBuildFile; fileRef = B3863C491D98E8FD004CA9CF /* tweetsRemote.json */; };
		B3863C4C1D99693D004CA9CF /* UserGateway.swift in Sources */ = {isa = PBXBuildFile; fileRef = B3863C4B1D99693D004CA9CF /* UserGateway.swift */; };
		B3863C4E1D996949004CA9CF /* UserDefaultsUserGateway.swift in Sources */ = {isa = PBXBuildFile; fileRef = B3863C4D1D996949004CA9CF /* UserDefaultsUserGateway.swift */; };
		B3863C521D99E7FC004CA9CF /* TweetsWorkerTests.swift in Sources */ = {isa = PBXBuildFile; fileRef = B3863C511D99E7FC004CA9CF /* TweetsWorkerTests.swift */; };
		B3863C531D99EC22004CA9CF /* Context.swift in Sources */ = {isa = PBXBuildFile; fileRef = B3863C4F1D999A1F004CA9CF /* Context.swift */; };
		B3863C551D99ECEE004CA9CF /* UserTests.swift in Sources */ = {isa = PBXBuildFile; fileRef = B3863C541D99ECEE004CA9CF /* UserTests.swift */; };
		B3863C571D99ECF8004CA9CF /* TweetTests.swift in Sources */ = {isa = PBXBuildFile; fileRef = B3863C561D99ECF8004CA9CF /* TweetTests.swift */; };
		B3863C591D99F13F004CA9CF /* SignInUseCaseTests.swift in Sources */ = {isa = PBXBuildFile; fileRef = B3863C581D99F13F004CA9CF /* SignInUseCaseTests.swift */; };
		B3863C5B1D9A07F8004CA9CF /* SignOutUseCaseTests.swift in Sources */ = {isa = PBXBuildFile; fileRef = B3863C5A1D9A07F8004CA9CF /* SignOutUseCaseTests.swift */; };
		B3923FF21D943A6A005D2C7E /* AppDelegate.swift in Sources */ = {isa = PBXBuildFile; fileRef = B3923FF11D943A6A005D2C7E /* AppDelegate.swift */; };
		B3923FF71D943A6A005D2C7E /* Main.storyboard in Resources */ = {isa = PBXBuildFile; fileRef = B3923FF51D943A6A005D2C7E /* Main.storyboard */; };
		B3923FFC1D943A6A005D2C7E /* LaunchScreen.storyboard in Resources */ = {isa = PBXBuildFile; fileRef = B3923FFA1D943A6A005D2C7E /* LaunchScreen.storyboard */; };
		B39240121D9440F1005D2C7E /* Rainbow_Bird.png in Resources */ = {isa = PBXBuildFile; fileRef = B39240111D9440F1005D2C7E /* Rainbow_Bird.png */; };
/* End PBXBuildFile section */

/* Begin PBXContainerItemProxy section */
		B39240031D943A6A005D2C7E /* PBXContainerItemProxy */ = {
			isa = PBXContainerItemProxy;
			containerPortal = B3923FE61D943A6A005D2C7E /* Project object */;
			proxyType = 1;
			remoteGlobalIDString = B3923FED1D943A6A005D2C7E;
			remoteInfo = Tweetie;
		};
/* End PBXContainerItemProxy section */

/* Begin PBXFileReference section */
		6354B1BBE0153347F6E35885 /* Pods-Tweetie.debug.xcconfig */ = {isa = PBXFileReference; includeInIndex = 1; lastKnownFileType = text.xcconfig; name = "Pods-Tweetie.debug.xcconfig"; path = "Pods/Target Support Files/Pods-Tweetie/Pods-Tweetie.debug.xcconfig"; sourceTree = "<group>"; };
		AA3BA3BDCF166A62D3C259F8 /* Pods_Tweetie.framework */ = {isa = PBXFileReference; explicitFileType = wrapper.framework; includeInIndex = 0; path = Pods_Tweetie.framework; sourceTree = BUILT_PRODUCTS_DIR; };
		B3012AEE1D948BB6000672B3 /* Tweet.swift */ = {isa = PBXFileReference; fileEncoding = 4; lastKnownFileType = sourcecode.swift; path = Tweet.swift; sourceTree = "<group>"; };
		B3012AF11D948BFD000672B3 /* Tweeter.swift */ = {isa = PBXFileReference; fileEncoding = 4; lastKnownFileType = sourcecode.swift; path = Tweeter.swift; sourceTree = "<group>"; };
		B3012AF31D94C74C000672B3 /* TweetCell.swift */ = {isa = PBXFileReference; fileEncoding = 4; lastKnownFileType = sourcecode.swift; path = TweetCell.swift; sourceTree = "<group>"; };
		B3012AFB1D94D037000672B3 /* Assets.xcassets */ = {isa = PBXFileReference; lastKnownFileType = folder.assetcatalog; path = Assets.xcassets; sourceTree = "<group>"; };
		B3836C991D945830007F252D /* RecentTweetsConfigurator.swift */ = {isa = PBXFileReference; fileEncoding = 4; lastKnownFileType = sourcecode.swift; path = RecentTweetsConfigurator.swift; sourceTree = "<group>"; };
		B3836C9A1D945830007F252D /* RecentTweetsInteractor.swift */ = {isa = PBXFileReference; fileEncoding = 4; lastKnownFileType = sourcecode.swift; path = RecentTweetsInteractor.swift; sourceTree = "<group>"; };
		B3836C9B1D945830007F252D /* RecentTweetsModels.swift */ = {isa = PBXFileReference; fileEncoding = 4; lastKnownFileType = sourcecode.swift; path = RecentTweetsModels.swift; sourceTree = "<group>"; };
		B3836C9C1D945830007F252D /* RecentTweetsPresenter.swift */ = {isa = PBXFileReference; fileEncoding = 4; lastKnownFileType = sourcecode.swift; path = RecentTweetsPresenter.swift; sourceTree = "<group>"; };
		B3836C9E1D945830007F252D /* RecentTweetsViewController.swift */ = {isa = PBXFileReference; fileEncoding = 4; lastKnownFileType = sourcecode.swift; path = RecentTweetsViewController.swift; sourceTree = "<group>"; };
		B3836CA81D945851007F252D /* ComposeTweetConfigurator.swift */ = {isa = PBXFileReference; fileEncoding = 4; lastKnownFileType = sourcecode.swift; name = ComposeTweetConfigurator.swift; path = Tweetie/ComposeTweetConfigurator.swift; sourceTree = "<group>"; };
		B3836CA91D945851007F252D /* ComposeTweetInteractor.swift */ = {isa = PBXFileReference; fileEncoding = 4; lastKnownFileType = sourcecode.swift; name = ComposeTweetInteractor.swift; path = Tweetie/ComposeTweetInteractor.swift; sourceTree = "<group>"; };
		B3836CAA1D945851007F252D /* ComposeTweetModels.swift */ = {isa = PBXFileReference; fileEncoding = 4; lastKnownFileType = sourcecode.swift; name = ComposeTweetModels.swift; path = Tweetie/ComposeTweetModels.swift; sourceTree = "<group>"; };
		B3836CAB1D945851007F252D /* ComposeTweetPresenter.swift */ = {isa = PBXFileReference; fileEncoding = 4; lastKnownFileType = sourcecode.swift; name = ComposeTweetPresenter.swift; path = Tweetie/ComposeTweetPresenter.swift; sourceTree = "<group>"; };
		B3836CAD1D945851007F252D /* ComposeTweetViewController.swift */ = {isa = PBXFileReference; fileEncoding = 4; lastKnownFileType = sourcecode.swift; name = ComposeTweetViewController.swift; path = Tweetie/ComposeTweetViewController.swift; sourceTree = "<group>"; };
		B3863C221D971D26004CA9CF /* SignInUseCase.swift */ = {isa = PBXFileReference; fileEncoding = 4; lastKnownFileType = sourcecode.swift; path = SignInUseCase.swift; sourceTree = "<group>"; };
		B3863C241D971D2E004CA9CF /* SignOutUseCase.swift */ = {isa = PBXFileReference; fileEncoding = 4; lastKnownFileType = sourcecode.swift; path = SignOutUseCase.swift; sourceTree = "<group>"; };
		B3863C261D971D43004CA9CF /* TweetsWorker.swift */ = {isa = PBXFileReference; fileEncoding = 4; lastKnownFileType = sourcecode.swift; path = TweetsWorker.swift; sourceTree = "<group>"; };
		B3863C2B1D97698E004CA9CF /* SignInConfigurator.swift */ = {isa = PBXFileReference; fileEncoding = 4; lastKnownFileType = sourcecode.swift; path = SignInConfigurator.swift; sourceTree = "<group>"; };
		B3863C2C1D97698E004CA9CF /* SignInInteractor.swift */ = {isa = PBXFileReference; fileEncoding = 4; lastKnownFileType = sourcecode.swift; path = SignInInteractor.swift; sourceTree = "<group>"; };
		B3863C2D1D97698E004CA9CF /* SignInModels.swift */ = {isa = PBXFileReference; fileEncoding = 4; lastKnownFileType = sourcecode.swift; path = SignInModels.swift; sourceTree = "<group>"; };
		B3863C2E1D97698E004CA9CF /* SignInPresenter.swift */ = {isa = PBXFileReference; fileEncoding = 4; lastKnownFileType = sourcecode.swift; path = SignInPresenter.swift; sourceTree = "<group>"; };
		B3863C301D97698E004CA9CF /* SignInViewController.swift */ = {isa = PBXFileReference; fileEncoding = 4; lastKnownFileType = sourcecode.swift; path = SignInViewController.swift; sourceTree = "<group>"; };
		B3863C391D9829DB004CA9CF /* TweetGateway.swift */ = {isa = PBXFileReference; fileEncoding = 4; lastKnownFileType = sourcecode.swift; path = TweetGateway.swift; sourceTree = "<group>"; };
		B3863C3B1D982A03004CA9CF /* UserDefaultsTweetGateway.swift */ = {isa = PBXFileReference; fileEncoding = 4; lastKnownFileType = sourcecode.swift; path = UserDefaultsTweetGateway.swift; sourceTree = "<group>"; };
		B3863C3E1D9833D7004CA9CF /* tweetsRemote2.json */ = {isa = PBXFileReference; fileEncoding = 4; lastKnownFileType = text.json; path = tweetsRemote2.json; sourceTree = "<group>"; };
		B3863C411D987E77004CA9CF /* User.swift */ = {isa = PBXFileReference; fileEncoding = 4; lastKnownFileType = sourcecode.swift; path = User.swift; sourceTree = "<group>"; };
		B3863C451D98ADA0004CA9CF /* TweetGatewayTest.swift */ = {isa = PBXFileReference; fileEncoding = 4; lastKnownFileType = sourcecode.swift; path = TweetGatewayTest.swift; sourceTree = "<group>"; };
		B3863C471D98D7E3004CA9CF /* TweetieService.swift */ = {isa = PBXFileReference; fileEncoding = 4; lastKnownFileType = sourcecode.swift; path = TweetieService.swift; sourceTree = "<group>"; };
		B3863C491D98E8FD004CA9CF /* tweetsRemote.json */ = {isa = PBXFileReference; fileEncoding = 4; lastKnownFileType = text.json; path = tweetsRemote.json; sourceTree = "<group>"; };
		B3863C4B1D99693D004CA9CF /* UserGateway.swift */ = {isa = PBXFileReference; fileEncoding = 4; lastKnownFileType = sourcecode.swift; path = UserGateway.swift; sourceTree = "<group>"; };
		B3863C4D1D996949004CA9CF /* UserDefaultsUserGateway.swift */ = {isa = PBXFileReference; fileEncoding = 4; lastKnownFileType = sourcecode.swift; path = UserDefaultsUserGateway.swift; sourceTree = "<group>"; };
		B3863C4F1D999A1F004CA9CF /* Context.swift */ = {isa = PBXFileReference; fileEncoding = 4; lastKnownFileType = sourcecode.swift; name = Context.swift; path = ../Tweetie/Context.swift; sourceTree = "<group>"; };
		B3863C511D99E7FC004CA9CF /* TweetsWorkerTests.swift */ = {isa = PBXFileReference; fileEncoding = 4; lastKnownFileType = sourcecode.swift; path = TweetsWorkerTests.swift; sourceTree = "<group>"; };
		B3863C541D99ECEE004CA9CF /* UserTests.swift */ = {isa = PBXFileReference; fileEncoding = 4; lastKnownFileType = sourcecode.swift; path = UserTests.swift; sourceTree = "<group>"; };
		B3863C561D99ECF8004CA9CF /* TweetTests.swift */ = {isa = PBXFileReference; fileEncoding = 4; lastKnownFileType = sourcecode.swift; path = TweetTests.swift; sourceTree = "<group>"; };
		B3863C581D99F13F004CA9CF /* SignInUseCaseTests.swift */ = {isa = PBXFileReference; fileEncoding = 4; lastKnownFileType = sourcecode.swift; path = SignInUseCaseTests.swift; sourceTree = "<group>"; };
		B3863C5A1D9A07F8004CA9CF /* SignOutUseCaseTests.swift */ = {isa = PBXFileReference; fileEncoding = 4; lastKnownFileType = sourcecode.swift; name = SignOutUseCaseTests.swift; path = ../Tweetie/SignOutUseCaseTests.swift; sourceTree = "<group>"; };
		B3923FEE1D943A6A005D2C7E /* Tweetie.app */ = {isa = PBXFileReference; explicitFileType = wrapper.application; includeInIndex = 0; path = Tweetie.app; sourceTree = BUILT_PRODUCTS_DIR; };
		B3923FF11D943A6A005D2C7E /* AppDelegate.swift */ = {isa = PBXFileReference; lastKnownFileType = sourcecode.swift; path = AppDelegate.swift; sourceTree = "<group>"; };
		B3923FF61D943A6A005D2C7E /* Base */ = {isa = PBXFileReference; lastKnownFileType = file.storyboard; name = Base; path = Base.lproj/Main.storyboard; sourceTree = "<group>"; };
		B3923FFB1D943A6A005D2C7E /* Base */ = {isa = PBXFileReference; lastKnownFileType = file.storyboard; name = Base; path = Base.lproj/LaunchScreen.storyboard; sourceTree = "<group>"; };
		B3923FFD1D943A6A005D2C7E /* Info.plist */ = {isa = PBXFileReference; lastKnownFileType = text.plist.xml; path = Info.plist; sourceTree = "<group>"; };
		B39240021D943A6A005D2C7E /* TweetieTests.xctest */ = {isa = PBXFileReference; explicitFileType = wrapper.cfbundle; includeInIndex = 0; path = TweetieTests.xctest; sourceTree = BUILT_PRODUCTS_DIR; };
		B39240081D943A6A005D2C7E /* Info.plist */ = {isa = PBXFileReference; lastKnownFileType = text.plist.xml; path = Info.plist; sourceTree = "<group>"; };
		B39240111D9440F1005D2C7E /* Rainbow_Bird.png */ = {isa = PBXFileReference; lastKnownFileType = image.png; name = Rainbow_Bird.png; path = Assets.xcassets/Rainbow_Bird.png; sourceTree = "<group>"; };
		CA33BBC5E0B73F0123973129 /* Pods-Tweetie.release.xcconfig */ = {isa = PBXFileReference; includeInIndex = 1; lastKnownFileType = text.xcconfig; name = "Pods-Tweetie.release.xcconfig"; path = "Pods/Target Support Files/Pods-Tweetie/Pods-Tweetie.release.xcconfig"; sourceTree = "<group>"; };
		D08215D4C3D6B835BC5385DD /* Pods_TweetieTests.framework */ = {isa = PBXFileReference; explicitFileType = wrapper.framework; includeInIndex = 0; path = Pods_TweetieTests.framework; sourceTree = BUILT_PRODUCTS_DIR; };
		E17CE09CA6F9E0B2F5890313 /* Pods-TweetieTests.release.xcconfig */ = {isa = PBXFileReference; includeInIndex = 1; lastKnownFileType = text.xcconfig; name = "Pods-TweetieTests.release.xcconfig"; path = "Pods/Target Support Files/Pods-TweetieTests/Pods-TweetieTests.release.xcconfig"; sourceTree = "<group>"; };
		E3056A003759FF766A28FE14 /* Pods-TweetieTests.debug.xcconfig */ = {isa = PBXFileReference; includeInIndex = 1; lastKnownFileType = text.xcconfig; name = "Pods-TweetieTests.debug.xcconfig"; path = "Pods/Target Support Files/Pods-TweetieTests/Pods-TweetieTests.debug.xcconfig"; sourceTree = "<group>"; };
/* End PBXFileReference section */

/* Begin PBXFrameworksBuildPhase section */
		B3923FEB1D943A6A005D2C7E /* Frameworks */ = {
			isa = PBXFrameworksBuildPhase;
			buildActionMask = 2147483647;
			files = (
				47B17CF821FDACE9B75FBF73 /* Pods_Tweetie.framework in Frameworks */,
			);
			runOnlyForDeploymentPostprocessing = 0;
		};
		B3923FFF1D943A6A005D2C7E /* Frameworks */ = {
			isa = PBXFrameworksBuildPhase;
			buildActionMask = 2147483647;
			files = (
				2B5C25EB20FBECAB245A3EA0 /* Pods_TweetieTests.framework in Frameworks */,
			);
			runOnlyForDeploymentPostprocessing = 0;
		};
/* End PBXFrameworksBuildPhase section */

/* Begin PBXGroup section */
		12716EBB8C23991CDB5C48B0 /* Frameworks */ = {
			isa = PBXGroup;
			children = (
				AA3BA3BDCF166A62D3C259F8 /* Pods_Tweetie.framework */,
				D08215D4C3D6B835BC5385DD /* Pods_TweetieTests.framework */,
			);
			name = Frameworks;
			sourceTree = "<group>";
		};
		5CAC35FBBC490A9D4328D3E2 /* Pods */ = {
			isa = PBXGroup;
			children = (
				6354B1BBE0153347F6E35885 /* Pods-Tweetie.debug.xcconfig */,
				CA33BBC5E0B73F0123973129 /* Pods-Tweetie.release.xcconfig */,
				E3056A003759FF766A28FE14 /* Pods-TweetieTests.debug.xcconfig */,
				E17CE09CA6F9E0B2F5890313 /* Pods-TweetieTests.release.xcconfig */,
			);
			name = Pods;
			sourceTree = "<group>";
		};
		B3012AF01D948BBB000672B3 /* Model */ = {
			isa = PBXGroup;
			children = (
				B3012AEE1D948BB6000672B3 /* Tweet.swift */,
				B3012AF11D948BFD000672B3 /* Tweeter.swift */,
				B3863C411D987E77004CA9CF /* User.swift */,
			);
			name = Model;
			sourceTree = "<group>";
		};
		B3012AF91D94CF74000672B3 /* view */ = {
			isa = PBXGroup;
			children = (
				B3836C9E1D945830007F252D /* RecentTweetsViewController.swift */,
				B3012AF31D94C74C000672B3 /* TweetCell.swift */,
			);
			name = view;
			sourceTree = "<group>";
		};
		B3836CA71D945834007F252D /* Recent Tweets */ = {
			isa = PBXGroup;
			children = (
				B3863C241D971D2E004CA9CF /* SignOutUseCase.swift */,
				B3863C261D971D43004CA9CF /* TweetsWorker.swift */,
				B3836C9A1D945830007F252D /* RecentTweetsInteractor.swift */,
				B3836C9C1D945830007F252D /* RecentTweetsPresenter.swift */,
				B3836C9B1D945830007F252D /* RecentTweetsModels.swift */,
				B3836C991D945830007F252D /* RecentTweetsConfigurator.swift */,
				B3012AF91D94CF74000672B3 /* view */,
			);
			name = "Recent Tweets";
			sourceTree = "<group>";
		};
		B3836CB61D945854007F252D /* Compose Tweet */ = {
			isa = PBXGroup;
			children = (
				B3836CA81D945851007F252D /* ComposeTweetConfigurator.swift */,
				B3836CA91D945851007F252D /* ComposeTweetInteractor.swift */,
				B3836CAA1D945851007F252D /* ComposeTweetModels.swift */,
				B3836CAB1D945851007F252D /* ComposeTweetPresenter.swift */,
				B3836CAD1D945851007F252D /* ComposeTweetViewController.swift */,
			);
			name = "Compose Tweet";
			path = ..;
			sourceTree = "<group>";
		};
		B3863C291D971D5C004CA9CF /* Resources */ = {
			isa = PBXGroup;
			children = (
				B3863C491D98E8FD004CA9CF /* tweetsRemote.json */,
				B3863C3E1D9833D7004CA9CF /* tweetsRemote2.json */,
				B3923FF51D943A6A005D2C7E /* Main.storyboard */,
				B39240111D9440F1005D2C7E /* Rainbow_Bird.png */,
				B3923FFA1D943A6A005D2C7E /* LaunchScreen.storyboard */,
				B3923FFD1D943A6A005D2C7E /* Info.plist */,
				B3012AFB1D94D037000672B3 /* Assets.xcassets */,
			);
			name = Resources;
			sourceTree = "<group>";
		};
		B3863C2A1D97697B004CA9CF /* SignIn */ = {
			isa = PBXGroup;
			children = (
				B3863C221D971D26004CA9CF /* SignInUseCase.swift */,
				B3863C2B1D97698E004CA9CF /* SignInConfigurator.swift */,
				B3863C2C1D97698E004CA9CF /* SignInInteractor.swift */,
				B3863C2D1D97698E004CA9CF /* SignInModels.swift */,
				B3863C2E1D97698E004CA9CF /* SignInPresenter.swift */,
				B3863C301D97698E004CA9CF /* SignInViewController.swift */,
			);
			name = SignIn;
			sourceTree = "<group>";
		};
		B3863C3D1D982A1A004CA9CF /* Gateways */ = {
			isa = PBXGroup;
			children = (
				B3863C391D9829DB004CA9CF /* TweetGateway.swift */,
				B3863C3B1D982A03004CA9CF /* UserDefaultsTweetGateway.swift */,
				B3863C4B1D99693D004CA9CF /* UserGateway.swift */,
				B3863C4D1D996949004CA9CF /* UserDefaultsUserGateway.swift */,
			);
			name = Gateways;
			sourceTree = "<group>";
		};
		B3863C401D987C45004CA9CF /* Scenes */ = {
			isa = PBXGroup;
			children = (
				B3863C2A1D97697B004CA9CF /* SignIn */,
				B3836CA71D945834007F252D /* Recent Tweets */,
				B3836CB61D945854007F252D /* Compose Tweet */,
			);
			name = Scenes;
			sourceTree = "<group>";
		};
		B3923FE51D943A6A005D2C7E = {
			isa = PBXGroup;
			children = (
				B3923FF01D943A6A005D2C7E /* Tweetie */,
				B39240051D943A6A005D2C7E /* TweetieTests */,
				B3923FEF1D943A6A005D2C7E /* Products */,
				5CAC35FBBC490A9D4328D3E2 /* Pods */,
				12716EBB8C23991CDB5C48B0 /* Frameworks */,
			);
			sourceTree = "<group>";
		};
		B3923FEF1D943A6A005D2C7E /* Products */ = {
			isa = PBXGroup;
			children = (
				B3923FEE1D943A6A005D2C7E /* Tweetie.app */,
				B39240021D943A6A005D2C7E /* TweetieTests.xctest */,
			);
			name = Products;
			sourceTree = "<group>";
		};
		B3923FF01D943A6A005D2C7E /* Tweetie */ = {
			isa = PBXGroup;
			children = (
				B3863C471D98D7E3004CA9CF /* TweetieService.swift */,
				B3923FF11D943A6A005D2C7E /* AppDelegate.swift */,
				B3012AF01D948BBB000672B3 /* Model */,
				B3863C3D1D982A1A004CA9CF /* Gateways */,
				B3863C401D987C45004CA9CF /* Scenes */,
				B3863C291D971D5C004CA9CF /* Resources */,
			);
			path = Tweetie;
			sourceTree = "<group>";
		};
		B39240051D943A6A005D2C7E /* TweetieTests */ = {
			isa = PBXGroup;
			children = (
				B3863C4F1D999A1F004CA9CF /* Context.swift */,
				B3863C451D98ADA0004CA9CF /* TweetGatewayTest.swift */,
				B3863C511D99E7FC004CA9CF /* TweetsWorkerTests.swift */,
				B39240081D943A6A005D2C7E /* Info.plist */,
				B3863C581D99F13F004CA9CF /* SignInUseCaseTests.swift */,
				B3863C5A1D9A07F8004CA9CF /* SignOutUseCaseTests.swift */,
				B3863C561D99ECF8004CA9CF /* TweetTests.swift */,
				B3863C541D99ECEE004CA9CF /* UserTests.swift */,
			);
			path = TweetieTests;
			sourceTree = "<group>";
		};
/* End PBXGroup section */

/* Begin PBXNativeTarget section */
		B3923FED1D943A6A005D2C7E /* Tweetie */ = {
			isa = PBXNativeTarget;
			buildConfigurationList = B392400B1D943A6A005D2C7E /* Build configuration list for PBXNativeTarget "Tweetie" */;
			buildPhases = (
				62755D089299DFD3D788F44B /* [CP] Check Pods Manifest.lock */,
				B3923FEA1D943A6A005D2C7E /* Sources */,
				B3923FEB1D943A6A005D2C7E /* Frameworks */,
				B3923FEC1D943A6A005D2C7E /* Resources */,
				A93527030584C6A45C1EAC3A /* [CP] Embed Pods Frameworks */,
				700C63E6CF4B9AD1102467B9 /* [CP] Copy Pods Resources */,
			);
			buildRules = (
			);
			dependencies = (
			);
			name = Tweetie;
			productName = Tweetie;
			productReference = B3923FEE1D943A6A005D2C7E /* Tweetie.app */;
			productType = "com.apple.product-type.application";
		};
		B39240011D943A6A005D2C7E /* TweetieTests */ = {
			isa = PBXNativeTarget;
			buildConfigurationList = B392400E1D943A6A005D2C7E /* Build configuration list for PBXNativeTarget "TweetieTests" */;
			buildPhases = (
				3C63674945092FAB2FB4B76E /* [CP] Check Pods Manifest.lock */,
				B3923FFE1D943A6A005D2C7E /* Sources */,
				B3923FFF1D943A6A005D2C7E /* Frameworks */,
				B39240001D943A6A005D2C7E /* Resources */,
				55EB3C55D75ABC7C8F009A9C /* [CP] Embed Pods Frameworks */,
				503ECA459EABA5DAE093843F /* [CP] Copy Pods Resources */,
			);
			buildRules = (
			);
			dependencies = (
				B39240041D943A6A005D2C7E /* PBXTargetDependency */,
			);
			name = TweetieTests;
			productName = TweetieTests;
			productReference = B39240021D943A6A005D2C7E /* TweetieTests.xctest */;
			productType = "com.apple.product-type.bundle.unit-test";
		};
/* End PBXNativeTarget section */

/* Begin PBXProject section */
		B3923FE61D943A6A005D2C7E /* Project object */ = {
			isa = PBXProject;
			attributes = {
				LastSwiftUpdateCheck = 0730;
				LastUpgradeCheck = 0820;
				ORGANIZATIONNAME = Rebecca;
				TargetAttributes = {
					B3923FED1D943A6A005D2C7E = {
						CreatedOnToolsVersion = 7.3.1;
						LastSwiftMigration = 0820;
					};
					B39240011D943A6A005D2C7E = {
						CreatedOnToolsVersion = 7.3.1;
						LastSwiftMigration = 0820;
						TestTargetID = B3923FED1D943A6A005D2C7E;
					};
				};
			};
			buildConfigurationList = B3923FE91D943A6A005D2C7E /* Build configuration list for PBXProject "Tweetie" */;
			compatibilityVersion = "Xcode 3.2";
			developmentRegion = English;
			hasScannedForEncodings = 0;
			knownRegions = (
				en,
				Base,
			);
			mainGroup = B3923FE51D943A6A005D2C7E;
			productRefGroup = B3923FEF1D943A6A005D2C7E /* Products */;
			projectDirPath = "";
			projectRoot = "";
			targets = (
				B3923FED1D943A6A005D2C7E /* Tweetie */,
				B39240011D943A6A005D2C7E /* TweetieTests */,
			);
		};
/* End PBXProject section */

/* Begin PBXResourcesBuildPhase section */
		B3923FEC1D943A6A005D2C7E /* Resources */ = {
			isa = PBXResourcesBuildPhase;
			buildActionMask = 2147483647;
			files = (
				B3923FFC1D943A6A005D2C7E /* LaunchScreen.storyboard in Resources */,
				B3863C4A1D98E8FD004CA9CF /* tweetsRemote.json in Resources */,
				B39240121D9440F1005D2C7E /* Rainbow_Bird.png in Resources */,
				B3863C3F1D9833D7004CA9CF /* tweetsRemote2.json in Resources */,
				B3012AFC1D94D037000672B3 /* Assets.xcassets in Resources */,
				B3923FF71D943A6A005D2C7E /* Main.storyboard in Resources */,
			);
			runOnlyForDeploymentPostprocessing = 0;
		};
		B39240001D943A6A005D2C7E /* Resources */ = {
			isa = PBXResourcesBuildPhase;
			buildActionMask = 2147483647;
			files = (
			);
			runOnlyForDeploymentPostprocessing = 0;
		};
/* End PBXResourcesBuildPhase section */

/* Begin PBXShellScriptBuildPhase section */
		3C63674945092FAB2FB4B76E /* [CP] Check Pods Manifest.lock */ = {
			isa = PBXShellScriptBuildPhase;
			buildActionMask = 2147483647;
			files = (
			);
			inputPaths = (
			);
			name = "[CP] Check Pods Manifest.lock";
			outputPaths = (
			);
			runOnlyForDeploymentPostprocessing = 0;
			shellPath = /bin/sh;
			shellScript = "diff \"${PODS_ROOT}/../Podfile.lock\" \"${PODS_ROOT}/Manifest.lock\" > /dev/null\nif [ $? != 0 ] ; then\n    # print error to STDERR\n    echo \"error: The sandbox is not in sync with the Podfile.lock. Run 'pod install' or update your CocoaPods installation.\" >&2\n    exit 1\nfi\n";
			showEnvVarsInLog = 0;
		};
		503ECA459EABA5DAE093843F /* [CP] Copy Pods Resources */ = {
			isa = PBXShellScriptBuildPhase;
			buildActionMask = 2147483647;
			files = (
			);
			inputPaths = (
			);
			name = "[CP] Copy Pods Resources";
			outputPaths = (
			);
			runOnlyForDeploymentPostprocessing = 0;
			shellPath = /bin/sh;
			shellScript = "\"${SRCROOT}/Pods/Target Support Files/Pods-TweetieTests/Pods-TweetieTests-resources.sh\"\n";
			showEnvVarsInLog = 0;
		};
		55EB3C55D75ABC7C8F009A9C /* [CP] Embed Pods Frameworks */ = {
			isa = PBXShellScriptBuildPhase;
			buildActionMask = 2147483647;
			files = (
			);
			inputPaths = (
			);
			name = "[CP] Embed Pods Frameworks";
			outputPaths = (
			);
			runOnlyForDeploymentPostprocessing = 0;
			shellPath = /bin/sh;
			shellScript = "\"${SRCROOT}/Pods/Target Support Files/Pods-TweetieTests/Pods-TweetieTests-frameworks.sh\"\n";
			showEnvVarsInLog = 0;
		};
		62755D089299DFD3D788F44B /* [CP] Check Pods Manifest.lock */ = {
			isa = PBXShellScriptBuildPhase;
			buildActionMask = 2147483647;
			files = (
			);
			inputPaths = (
			);
			name = "[CP] Check Pods Manifest.lock";
			outputPaths = (
			);
			runOnlyForDeploymentPostprocessing = 0;
			shellPath = /bin/sh;
			shellScript = "diff \"${PODS_ROOT}/../Podfile.lock\" \"${PODS_ROOT}/Manifest.lock\" > /dev/null\nif [ $? != 0 ] ; then\n    # print error to STDERR\n    echo \"error: The sandbox is not in sync with the Podfile.lock. Run 'pod install' or update your CocoaPods installation.\" >&2\n    exit 1\nfi\n";
			showEnvVarsInLog = 0;
		};
		700C63E6CF4B9AD1102467B9 /* [CP] Copy Pods Resources */ = {
			isa = PBXShellScriptBuildPhase;
			buildActionMask = 2147483647;
			files = (
			);
			inputPaths = (
			);
			name = "[CP] Copy Pods Resources";
			outputPaths = (
			);
			runOnlyForDeploymentPostprocessing = 0;
			shellPath = /bin/sh;
			shellScript = "\"${SRCROOT}/Pods/Target Support Files/Pods-Tweetie/Pods-Tweetie-resources.sh\"\n";
			showEnvVarsInLog = 0;
		};
		A93527030584C6A45C1EAC3A /* [CP] Embed Pods Frameworks */ = {
			isa = PBXShellScriptBuildPhase;
			buildActionMask = 2147483647;
			files = (
			);
			inputPaths = (
			);
			name = "[CP] Embed Pods Frameworks";
			outputPaths = (
			);
			runOnlyForDeploymentPostprocessing = 0;
			shellPath = /bin/sh;
			shellScript = "\"${SRCROOT}/Pods/Target Support Files/Pods-Tweetie/Pods-Tweetie-frameworks.sh\"\n";
			showEnvVarsInLog = 0;
		};
/* End PBXShellScriptBuildPhase section */

/* Begin PBXSourcesBuildPhase section */
		B3923FEA1D943A6A005D2C7E /* Sources */ = {
			isa = PBXSourcesBuildPhase;
			buildActionMask = 2147483647;
			files = (
				B3836CA21D945830007F252D /* RecentTweetsModels.swift in Sources */,
				B3836CB01D945851007F252D /* ComposeTweetInteractor.swift in Sources */,
				B3863C321D97698E004CA9CF /* SignInConfigurator.swift in Sources */,
				B3863C4E1D996949004CA9CF /* UserDefaultsUserGateway.swift in Sources */,
				B3863C351D97698E004CA9CF /* SignInPresenter.swift in Sources */,
				B3863C331D97698E004CA9CF /* SignInInteractor.swift in Sources */,
				B3836CA01D945830007F252D /* RecentTweetsConfigurator.swift in Sources */,
				B3863C481D98D7E3004CA9CF /* TweetieService.swift in Sources */,
				B3863C271D971D43004CA9CF /* TweetsWorker.swift in Sources */,
				B3836CA11D945830007F252D /* RecentTweetsInteractor.swift in Sources */,
				B3012AEF1D948BB6000672B3 /* Tweet.swift in Sources */,
				B3863C3A1D9829DB004CA9CF /* TweetGateway.swift in Sources */,
				B3836CA31D945830007F252D /* RecentTweetsPresenter.swift in Sources */,
				B3012AF41D94C74C000672B3 /* TweetCell.swift in Sources */,
				B3836CB21D945851007F252D /* ComposeTweetPresenter.swift in Sources */,
				B3863C3C1D982A03004CA9CF /* UserDefaultsTweetGateway.swift in Sources */,
				B3863C4C1D99693D004CA9CF /* UserGateway.swift in Sources */,
				B3836CB11D945851007F252D /* ComposeTweetModels.swift in Sources */,
				B3863C231D971D26004CA9CF /* SignInUseCase.swift in Sources */,
				B3836CAF1D945851007F252D /* ComposeTweetConfigurator.swift in Sources */,
				B3863C341D97698E004CA9CF /* SignInModels.swift in Sources */,
				B3863C421D987E77004CA9CF /* User.swift in Sources */,
				B3863C371D97698E004CA9CF /* SignInViewController.swift in Sources */,
				B3836CA51D945830007F252D /* RecentTweetsViewController.swift in Sources */,
				B3836CB41D945851007F252D /* ComposeTweetViewController.swift in Sources */,
				B3863C251D971D2E004CA9CF /* SignOutUseCase.swift in Sources */,
				B3012AF21D948BFD000672B3 /* Tweeter.swift in Sources */,
				B3923FF21D943A6A005D2C7E /* AppDelegate.swift in Sources */,
			);
			runOnlyForDeploymentPostprocessing = 0;
		};
		B3923FFE1D943A6A005D2C7E /* Sources */ = {
			isa = PBXSourcesBuildPhase;
			buildActionMask = 2147483647;
			files = (
				B3863C521D99E7FC004CA9CF /* TweetsWorkerTests.swift in Sources */,
				B3863C531D99EC22004CA9CF /* Context.swift in Sources */,
				B3863C551D99ECEE004CA9CF /* UserTests.swift in Sources */,
				B3863C571D99ECF8004CA9CF /* TweetTests.swift in Sources */,
				B3863C5B1D9A07F8004CA9CF /* SignOutUseCaseTests.swift in Sources */,
				B3863C461D98ADA0004CA9CF /* TweetGatewayTest.swift in Sources */,
				B3863C591D99F13F004CA9CF /* SignInUseCaseTests.swift in Sources */,
			);
			runOnlyForDeploymentPostprocessing = 0;
		};
/* End PBXSourcesBuildPhase section */

/* Begin PBXTargetDependency section */
		B39240041D943A6A005D2C7E /* PBXTargetDependency */ = {
			isa = PBXTargetDependency;
			target = B3923FED1D943A6A005D2C7E /* Tweetie */;
			targetProxy = B39240031D943A6A005D2C7E /* PBXContainerItemProxy */;
		};
/* End PBXTargetDependency section */

/* Begin PBXVariantGroup section */
		B3923FF51D943A6A005D2C7E /* Main.storyboard */ = {
			isa = PBXVariantGroup;
			children = (
				B3923FF61D943A6A005D2C7E /* Base */,
			);
			name = Main.storyboard;
			sourceTree = "<group>";
		};
		B3923FFA1D943A6A005D2C7E /* LaunchScreen.storyboard */ = {
			isa = PBXVariantGroup;
			children = (
				B3923FFB1D943A6A005D2C7E /* Base */,
			);
			name = LaunchScreen.storyboard;
			sourceTree = "<group>";
		};
/* End PBXVariantGroup section */

/* Begin XCBuildConfiguration section */
		B39240091D943A6A005D2C7E /* Debug */ = {
			isa = XCBuildConfiguration;
			buildSettings = {
				ALWAYS_SEARCH_USER_PATHS = NO;
				CLANG_ANALYZER_NONNULL = YES;
				CLANG_CXX_LANGUAGE_STANDARD = "gnu++0x";
				CLANG_CXX_LIBRARY = "libc++";
				CLANG_ENABLE_MODULES = YES;
				CLANG_ENABLE_OBJC_ARC = YES;
				CLANG_WARN_BOOL_CONVERSION = YES;
				CLANG_WARN_CONSTANT_CONVERSION = YES;
				CLANG_WARN_DIRECT_OBJC_ISA_USAGE = YES_ERROR;
				CLANG_WARN_EMPTY_BODY = YES;
				CLANG_WARN_ENUM_CONVERSION = YES;
				CLANG_WARN_INFINITE_RECURSION = YES;
				CLANG_WARN_INT_CONVERSION = YES;
				CLANG_WARN_OBJC_ROOT_CLASS = YES_ERROR;
				CLANG_WARN_SUSPICIOUS_MOVE = YES;
				CLANG_WARN_UNREACHABLE_CODE = YES;
				CLANG_WARN__DUPLICATE_METHOD_MATCH = YES;
				"CODE_SIGN_IDENTITY[sdk=iphoneos*]" = "iPhone Developer";
				COPY_PHASE_STRIP = NO;
				DEBUG_INFORMATION_FORMAT = dwarf;
				ENABLE_STRICT_OBJC_MSGSEND = YES;
				ENABLE_TESTABILITY = YES;
				GCC_C_LANGUAGE_STANDARD = gnu99;
				GCC_DYNAMIC_NO_PIC = NO;
				GCC_NO_COMMON_BLOCKS = YES;
				GCC_OPTIMIZATION_LEVEL = 0;
				GCC_PREPROCESSOR_DEFINITIONS = (
					"DEBUG=1",
					"$(inherited)",
				);
				GCC_WARN_64_TO_32_BIT_CONVERSION = YES;
				GCC_WARN_ABOUT_RETURN_TYPE = YES_ERROR;
				GCC_WARN_UNDECLARED_SELECTOR = YES;
				GCC_WARN_UNINITIALIZED_AUTOS = YES_AGGRESSIVE;
				GCC_WARN_UNUSED_FUNCTION = YES;
				GCC_WARN_UNUSED_VARIABLE = YES;
				IPHONEOS_DEPLOYMENT_TARGET = 9.3;
				MTL_ENABLE_DEBUG_INFO = YES;
				ONLY_ACTIVE_ARCH = YES;
				SDKROOT = iphoneos;
				SWIFT_OPTIMIZATION_LEVEL = "-Onone";
			};
			name = Debug;
		};
		B392400A1D943A6A005D2C7E /* Release */ = {
			isa = XCBuildConfiguration;
			buildSettings = {
				ALWAYS_SEARCH_USER_PATHS = NO;
				CLANG_ANALYZER_NONNULL = YES;
				CLANG_CXX_LANGUAGE_STANDARD = "gnu++0x";
				CLANG_CXX_LIBRARY = "libc++";
				CLANG_ENABLE_MODULES = YES;
				CLANG_ENABLE_OBJC_ARC = YES;
				CLANG_WARN_BOOL_CONVERSION = YES;
				CLANG_WARN_CONSTANT_CONVERSION = YES;
				CLANG_WARN_DIRECT_OBJC_ISA_USAGE = YES_ERROR;
				CLANG_WARN_EMPTY_BODY = YES;
				CLANG_WARN_ENUM_CONVERSION = YES;
				CLANG_WARN_INFINITE_RECURSION = YES;
				CLANG_WARN_INT_CONVERSION = YES;
				CLANG_WARN_OBJC_ROOT_CLASS = YES_ERROR;
				CLANG_WARN_SUSPICIOUS_MOVE = YES;
				CLANG_WARN_UNREACHABLE_CODE = YES;
				CLANG_WARN__DUPLICATE_METHOD_MATCH = YES;
				"CODE_SIGN_IDENTITY[sdk=iphoneos*]" = "iPhone Developer";
				COPY_PHASE_STRIP = NO;
				DEBUG_INFORMATION_FORMAT = "dwarf-with-dsym";
				ENABLE_NS_ASSERTIONS = NO;
				ENABLE_STRICT_OBJC_MSGSEND = YES;
				GCC_C_LANGUAGE_STANDARD = gnu99;
				GCC_NO_COMMON_BLOCKS = YES;
				GCC_WARN_64_TO_32_BIT_CONVERSION = YES;
				GCC_WARN_ABOUT_RETURN_TYPE = YES_ERROR;
				GCC_WARN_UNDECLARED_SELECTOR = YES;
				GCC_WARN_UNINITIALIZED_AUTOS = YES_AGGRESSIVE;
				GCC_WARN_UNUSED_FUNCTION = YES;
				GCC_WARN_UNUSED_VARIABLE = YES;
				IPHONEOS_DEPLOYMENT_TARGET = 9.3;
				MTL_ENABLE_DEBUG_INFO = NO;
				SDKROOT = iphoneos;
				SWIFT_OPTIMIZATION_LEVEL = "-Owholemodule";
				VALIDATE_PRODUCT = YES;
			};
			name = Release;
		};
		B392400C1D943A6A005D2C7E /* Debug */ = {
			isa = XCBuildConfiguration;
			baseConfigurationReference = 6354B1BBE0153347F6E35885 /* Pods-Tweetie.debug.xcconfig */;
			buildSettings = {
				ASSETCATALOG_COMPILER_APPICON_NAME = AppIcon;
				INFOPLIST_FILE = Tweetie/Info.plist;
				LD_RUNPATH_SEARCH_PATHS = "$(inherited) @executable_path/Frameworks";
				PRODUCT_BUNDLE_IDENTIFIER = com.rebecca.Tweetie;
				PRODUCT_NAME = "$(TARGET_NAME)";
				SWIFT_VERSION = 3.0;
			};
			name = Debug;
		};
		B392400D1D943A6A005D2C7E /* Release */ = {
			isa = XCBuildConfiguration;
			baseConfigurationReference = CA33BBC5E0B73F0123973129 /* Pods-Tweetie.release.xcconfig */;
			buildSettings = {
				ASSETCATALOG_COMPILER_APPICON_NAME = AppIcon;
				INFOPLIST_FILE = Tweetie/Info.plist;
				LD_RUNPATH_SEARCH_PATHS = "$(inherited) @executable_path/Frameworks";
				PRODUCT_BUNDLE_IDENTIFIER = com.rebecca.Tweetie;
				PRODUCT_NAME = "$(TARGET_NAME)";
				SWIFT_VERSION = 3.0;
			};
			name = Release;
		};
		B392400F1D943A6A005D2C7E /* Debug */ = {
			isa = XCBuildConfiguration;
			baseConfigurationReference = E3056A003759FF766A28FE14 /* Pods-TweetieTests.debug.xcconfig */;
			buildSettings = {
				BUNDLE_LOADER = "$(TEST_HOST)";
				INFOPLIST_FILE = TweetieTests/Info.plist;
				LD_RUNPATH_SEARCH_PATHS = "$(inherited) @executable_path/Frameworks @loader_path/Frameworks";
				PRODUCT_BUNDLE_IDENTIFIER = com.rebecca.TweetieTests;
				PRODUCT_NAME = "$(TARGET_NAME)";
				SWIFT_VERSION = 3.0;
				TEST_HOST = "$(BUILT_PRODUCTS_DIR)/Tweetie.app/Tweetie";
			};
			name = Debug;
		};
		B39240101D943A6A005D2C7E /* Release */ = {
			isa = XCBuildConfiguration;
			baseConfigurationReference = E17CE09CA6F9E0B2F5890313 /* Pods-TweetieTests.release.xcconfig */;
			buildSettings = {
				BUNDLE_LOADER = "$(TEST_HOST)";
				INFOPLIST_FILE = TweetieTests/Info.plist;
				LD_RUNPATH_SEARCH_PATHS = "$(inherited) @executable_path/Frameworks @loader_path/Frameworks";
				PRODUCT_BUNDLE_IDENTIFIER = com.rebecca.TweetieTests;
				PRODUCT_NAME = "$(TARGET_NAME)";
				SWIFT_VERSION = 3.0;
				TEST_HOST = "$(BUILT_PRODUCTS_DIR)/Tweetie.app/Tweetie";
			};
			name = Release;
		};
/* End XCBuildConfiguration section */

/* Begin XCConfigurationList section */
		B3923FE91D943A6A005D2C7E /* Build configuration list for PBXProject "Tweetie" */ = {
			isa = XCConfigurationList;
			buildConfigurations = (
				B39240091D943A6A005D2C7E /* Debug */,
				B392400A1D943A6A005D2C7E /* Release */,
			);
			defaultConfigurationIsVisible = 0;
			defaultConfigurationName = Release;
		};
		B392400B1D943A6A005D2C7E /* Build configuration list for PBXNativeTarget "Tweetie" */ = {
			isa = XCConfigurationList;
			buildConfigurations = (
				B392400C1D943A6A005D2C7E /* Debug */,
				B392400D1D943A6A005D2C7E /* Release */,
			);
			defaultConfigurationIsVisible = 0;
			defaultConfigurationName = Release;
		};
		B392400E1D943A6A005D2C7E /* Build configuration list for PBXNativeTarget "TweetieTests" */ = {
			isa = XCConfigurationList;
			buildConfigurations = (
				B392400F1D943A6A005D2C7E /* Debug */,
				B39240101D943A6A005D2C7E /* Release */,
			);
			defaultConfigurationIsVisible = 0;
			defaultConfigurationName = Release;
		};
/* End XCConfigurationList section */
	};
	rootObject = B3923FE61D943A6A005D2C7E /* Project object */;
}
